{
  "name": "colorparrot-twitter-bot",
  "version": "0.1.0",
  "lockfileVersion": 1,
  "requires": true,
  "dependencies": {
    "color-name-list": {
      "version": "3.77.0",
      "resolved": "https://registry.npmjs.org/color-name-list/-/color-name-list-3.77.0.tgz",
      "integrity": "sha512-nI91S2mWbaMRXV5UoJHxzoBRfEtUU/llTDyXEIfMMHx42JdaTsZ2JJ+QWSJGH+2DMNpkACHA+Xkn/3xgNsmthA=="
    }
  }
}
